PODS:
  - AKMaskField (2.0.3)
  - Alamofire (4.8.1)
  - Hero (1.4.0)
  - IQKeyboardManagerSwift (6.2.0)
  - KOAlertController (1.0.2)
  - SparrowKit (1.4.6)
  - SPPermission (2.9.4)
  - SPStorkController (1.4.2)
  - ViewAnimator (2.2.2)

DEPENDENCIES:
  - AKMaskField
  - Alamofire
  - Hero
  - IQKeyboardManagerSwift
  - KOAlertController (~> 1.0.2)
  - SparrowKit
  - SPPermission
  - SPStorkController (~> 1.4.2)
  - ViewAnimator

SPEC REPOS:
  https://github.com/cocoapods/specs.git:
    - AKMaskField
    - Alamofire
    - Hero
    - IQKeyboardManagerSwift
    - KOAlertController
    - SparrowKit
    - SPPermission
    - SPStorkController
    - ViewAnimator

SPEC CHECKSUMS:
  AKMaskField: b6d147524813e62cd3f15475fa2200ce7a3d2620
  Alamofire: 16ce2c353fb72865124ddae8a57c5942388f4f11
  Hero: bac92350d7201a1a940003e0767c7b52ce7c99a1
  IQKeyboardManagerSwift: b07ccf9d8cafe993dcd6cb794eb4ba34611a0c4e
  KOAlertController: e168f7fed3599ebb59e4a3856427d03cf7a247d1
  SparrowKit: a28017c673d7e977c3b28af62e5978b9080759db
  SPPermission: 7c03fcc091f0f0bae7538b3fd87afcbd2634ca18
  SPStorkController: 4e8b87cabfbdd88b02bc52d675d28e5a77c32278
  ViewAnimator: 6eaa112663b6a2d9e6b2573df65b416dd051cbe4

PODFILE CHECKSUM: 4a06b3a849b5d79746eccc97dc74db4e3dc41422

COCOAPODS: 1.5.3
